{
  "name": "@cybertale/resolver",
  "version": "0.1.0",
  "lockfileVersion": 3,
  "requires": true,
  "packages": {
    "": {
      "name": "@cybertale/resolver",
      "version": "0.1.0",
      "peerDependencies": {
        "@cybertale/interface": "*"
      }
    },
    "node_modules/@cybertale/interface": {
      "version": "2.1.2",
      "resolved": "https://registry.npmjs.org/@cybertale/interface/-/interface-2.1.2.tgz",
      "integrity": "sha512-TH1mMZXiI+Xtw8+dB4E8oG4nzTUsfSSiTBaZt7MzUiwCbImajEyoOWnB8UCcsWF2m6HO3D1HjRqmYyXtG5rtXg==",
      "license": "GPL-3.0-only",
      "peer": true,
      "dependencies": {
        "ste-simple-events": "^2.1.16"
      }
    },
    "node_modules/ste-core": {
      "version": "2.1.16",
      "resolved": "https://registry.npmjs.org/ste-core/-/ste-core-2.1.16.tgz",
      "integrity": "sha512-GgwwDFSDWbS2Ps1QliUHJPXeomvwZFfG5B10ggp+INmBD618MxwbA1qwFXdXjYGaS8JfiEC6NlpT3fp9PwfNHw==",
      "license": "MIT",
      "peer": true,
      "engines": {
        "node": ">=4.2.4"
      }
    },
    "node_modules/ste-simple-events": {
      "version": "2.1.16",
      "resolved": "https://registry.npmjs.org/ste-simple-events/-/ste-simple-events-2.1.16.tgz",
      "integrity": "sha512-B4gdrRg9jnbJE8sICjbx9NFb04KJn1WYWiXoon/YsD+3DWii4XyE3rMU6ZeJI6GG2s9mNExloNZMGcC9zSKh8A==",
      "license": "MIT",
      "peer": true,
      "dependencies": {
        "ste-core": "^2.1.16"
      },
      "engines": {
        "node": ">=4.2.4"
      }
    }
  }
}
